
Microsoft Visual Studio Solution File, Format Version 12.00
# Visual Studio Version 16
VisualStudioVersion = 16.0.31624.102
MinimumVisualStudioVersion = 10.0.40219.1
Project("{FAE04EC0-301F-11D3-BF4B-00C04F79EFBC}") = "Construtores", "Construtores\Construtores.csproj", "{5D7AC5CF-D23A-451A-ADA2-12A81B15D373}"
EndProject
Global
	GlobalSection(SolutionConfigurationPlatforms) = preSolution
		Debug|Any CPU = Debug|Any CPU
		Release|Any CPU = Release|Any CPU
	EndGlobalSection
	GlobalSection(ProjectConfigurationPlatforms) = postSolution
		{5D7AC5CF-D23A-451A-ADA2-12A81B15D373}.Debug|Any CPU.ActiveCfg = Debug|Any CPU
		{5D7AC5CF-D23A-451A-ADA2-12A81B15D373}.Debug|Any CPU.Build.0 = Debug|Any CPU
		{5D7AC5CF-D23A-451A-ADA2-12A81B15D373}.Release|Any CPU.ActiveCfg = Release|Any CPU
		{5D7AC5CF-D23A-451A-ADA2-12A81B15D373}.Release|Any CPU.Build.0 = Release|Any CPU
	EndGlobalSection
	GlobalSection(SolutionProperties) = preSolution
		HideSolutionNode = FALSE
	EndGlobalSection
	GlobalSection(ExtensibilityGlobals) = postSolution
		SolutionGuid = {A4A21BC4-A408-4474-8CAC-F92687B15FC5}
	EndGlobalSection
EndGlobal
